
Microsoft Visual Studio Solution File, Format Version 12.00
# Visual Studio Version 17
VisualStudioVersion = 17.14.36310.24 d17.14
MinimumVisualStudioVersion = 10.0.40219.1
Project("{FAE04EC0-301F-11D3-BF4B-00C04F79EFBC}") = "EMS.API", "EMS.API\EMS.API.csproj", "{7385820F-309F-4731-9727-05D0034FD1AD}"
EndProject
Project("{FAE04EC0-301F-11D3-BF4B-00C04F79EFBC}") = "EMS.Application", "EMS.Application\EMS.Application.csproj", "{1C500368-0AE1-42BC-A0E6-460795D827AA}"
EndProject
Project("{FAE04EC0-301F-11D3-BF4B-00C04F79EFBC}") = "EMS.Domain", "EMS.Domain\EMS.Domain.csproj", "{63B9357F-B3C2-46BC-8E78-4C3C764FB4AD}"
EndProject
Project("{FAE04EC0-301F-11D3-BF4B-00C04F79EFBC}") = "EMS.Infrastructure", "EMS.Infrastructure\EMS.Infrastructure.csproj", "{C98F5DD4-CB26-48EC-B418-FEECE0D1202F}"
EndProject
Global
	GlobalSection(SolutionConfigurationPlatforms) = preSolution
		Debug|Any CPU = Debug|Any CPU
		Release|Any CPU = Release|Any CPU
	EndGlobalSection
	GlobalSection(ProjectConfigurationPlatforms) = postSolution
		{7385820F-309F-4731-9727-05D0034FD1AD}.Debug|Any CPU.ActiveCfg = Debug|Any CPU
		{7385820F-309F-4731-9727-05D0034FD1AD}.Debug|Any CPU.Build.0 = Debug|Any CPU
		{7385820F-309F-4731-9727-05D0034FD1AD}.Release|Any CPU.ActiveCfg = Release|Any CPU
		{7385820F-309F-4731-9727-05D0034FD1AD}.Release|Any CPU.Build.0 = Release|Any CPU
		{1C500368-0AE1-42BC-A0E6-460795D827AA}.Debug|Any CPU.ActiveCfg = Debug|Any CPU
		{1C500368-0AE1-42BC-A0E6-460795D827AA}.Debug|Any CPU.Build.0 = Debug|Any CPU
		{1C500368-0AE1-42BC-A0E6-460795D827AA}.Release|Any CPU.ActiveCfg = Release|Any CPU
		{1C500368-0AE1-42BC-A0E6-460795D827AA}.Release|Any CPU.Build.0 = Release|Any CPU
		{63B9357F-B3C2-46BC-8E78-4C3C764FB4AD}.Debug|Any CPU.ActiveCfg = Debug|Any CPU
		{63B9357F-B3C2-46BC-8E78-4C3C764FB4AD}.Debug|Any CPU.Build.0 = Debug|Any CPU
		{63B9357F-B3C2-46BC-8E78-4C3C764FB4AD}.Release|Any CPU.ActiveCfg = Release|Any CPU
		{63B9357F-B3C2-46BC-8E78-4C3C764FB4AD}.Release|Any CPU.Build.0 = Release|Any CPU
		{C98F5DD4-CB26-48EC-B418-FEECE0D1202F}.Debug|Any CPU.ActiveCfg = Debug|Any CPU
		{C98F5DD4-CB26-48EC-B418-FEECE0D1202F}.Debug|Any CPU.Build.0 = Debug|Any CPU
		{C98F5DD4-CB26-48EC-B418-FEECE0D1202F}.Release|Any CPU.ActiveCfg = Release|Any CPU
		{C98F5DD4-CB26-48EC-B418-FEECE0D1202F}.Release|Any CPU.Build.0 = Release|Any CPU
	EndGlobalSection
	GlobalSection(SolutionProperties) = preSolution
		HideSolutionNode = FALSE
	EndGlobalSection
	GlobalSection(ExtensibilityGlobals) = postSolution
		SolutionGuid = {D13CF38C-C9AA-47BB-845D-1AF0F00C3CAC}
	EndGlobalSection
EndGlobal
